
Microsoft Visual Studio Solution File, Format Version 12.00
# Visual Studio Version 16
VisualStudioVersion = 16.0.29209.62
MinimumVisualStudioVersion = 10.0.40219.1
Project("{8BC9CEB8-8B4A-11D0-8D11-00A0C91BC942}") = "parallel_mcts_research", "parallel_mcts_research.vcxproj", "{5AF6889D-940F-3F55-B26B-BB9686B2BA3D}"
EndProject
Global
	GlobalSection(SolutionConfigurationPlatforms) = preSolution
		Debug|x64 = Debug|x64
		Debug|x86 = Debug|x86
		Release|x64 = Release|x64
		Release|x86 = Release|x86
	EndGlobalSection
	GlobalSection(ProjectConfigurationPlatforms) = postSolution
		{5AF6889D-940F-3F55-B26B-BB9686B2BA3D}.Debug|x64.ActiveCfg = Debug|x64
		{5AF6889D-940F-3F55-B26B-BB9686B2BA3D}.Debug|x64.Build.0 = Debug|x64
		{5AF6889D-940F-3F55-B26B-BB9686B2BA3D}.Debug|x86.ActiveCfg = Debug|x64
		{5AF6889D-940F-3F55-B26B-BB9686B2BA3D}.Release|x64.ActiveCfg = Release|x64
		{5AF6889D-940F-3F55-B26B-BB9686B2BA3D}.Release|x64.Build.0 = Release|x64
		{5AF6889D-940F-3F55-B26B-BB9686B2BA3D}.Release|x86.ActiveCfg = Release|x64
	EndGlobalSection
	GlobalSection(SolutionProperties) = preSolution
		HideSolutionNode = FALSE
	EndGlobalSection
	GlobalSection(ExtensibilityGlobals) = postSolution
		SolutionGuid = {C3B680CD-E227-4472-A7AF-B17DC13BF71F}
	EndGlobalSection
EndGlobal
